
Microsoft Visual Studio Solution File, Format Version 12.00
# Visual Studio Version 17
VisualStudioVersion = 17.4.33213.308
MinimumVisualStudioVersion = 10.0.40219.1
Project("{FAE04EC0-301F-11D3-BF4B-00C04F79EFBC}") = "OutlookEventsFetch", "OutlookEventsFetch\OutlookEventsFetch.csproj", "{4C25E87F-90BB-47B9-A345-ED408AEB3411}"
EndProject
Global
	GlobalSection(SolutionConfigurationPlatforms) = preSolution
		Debug|Any CPU = Debug|Any CPU
		Release|Any CPU = Release|Any CPU
	EndGlobalSection
	GlobalSection(ProjectConfigurationPlatforms) = postSolution
		{4C25E87F-90BB-47B9-A345-ED408AEB3411}.Debug|Any CPU.ActiveCfg = Debug|Any CPU
		{4C25E87F-90BB-47B9-A345-ED408AEB3411}.Debug|Any CPU.Build.0 = Debug|Any CPU
		{4C25E87F-90BB-47B9-A345-ED408AEB3411}.Release|Any CPU.ActiveCfg = Release|Any CPU
		{4C25E87F-90BB-47B9-A345-ED408AEB3411}.Release|Any CPU.Build.0 = Release|Any CPU
	EndGlobalSection
	GlobalSection(SolutionProperties) = preSolution
		HideSolutionNode = FALSE
	EndGlobalSection
	GlobalSection(ExtensibilityGlobals) = postSolution
		SolutionGuid = {071F45AD-6ACE-4DBB-831C-C19DF6DA1884}
	EndGlobalSection
EndGlobal
